
Microsoft Visual Studio Solution File, Format Version 12.00
# Visual Studio 14
VisualStudioVersion = 14.0.24720.0
MinimumVisualStudioVersion = 10.0.40219.1
Project("{FAE04EC0-301F-11D3-BF4B-00C04F79EFBC}") = "WhoisGenie.NET", "WhoisGenie.NET\WhoisGenie.NET.csproj", "{D7BE2C26-699C-4D82-A87C-D4AE09EB01D0}"
EndProject
Project("{FAE04EC0-301F-11D3-BF4B-00C04F79EFBC}") = "WhoisGenie.NET.Tests", "WhoisGenie.NET.Tests\WhoisGenie.NET.Tests.csproj", "{8001C21F-2FD9-4AE1-8C74-DDCFFA15A880}"
EndProject
Global
	GlobalSection(SolutionConfigurationPlatforms) = preSolution
		Debug|Any CPU = Debug|Any CPU
		Release|Any CPU = Release|Any CPU
	EndGlobalSection
	GlobalSection(ProjectConfigurationPlatforms) = postSolution
		{D7BE2C26-699C-4D82-A87C-D4AE09EB01D0}.Debug|Any CPU.ActiveCfg = Debug|Any CPU
		{D7BE2C26-699C-4D82-A87C-D4AE09EB01D0}.Debug|Any CPU.Build.0 = Debug|Any CPU
		{D7BE2C26-699C-4D82-A87C-D4AE09EB01D0}.Release|Any CPU.ActiveCfg = Release|Any CPU
		{D7BE2C26-699C-4D82-A87C-D4AE09EB01D0}.Release|Any CPU.Build.0 = Release|Any CPU
		{8001C21F-2FD9-4AE1-8C74-DDCFFA15A880}.Debug|Any CPU.ActiveCfg = Debug|Any CPU
		{8001C21F-2FD9-4AE1-8C74-DDCFFA15A880}.Debug|Any CPU.Build.0 = Debug|Any CPU
		{8001C21F-2FD9-4AE1-8C74-DDCFFA15A880}.Release|Any CPU.ActiveCfg = Release|Any CPU
		{8001C21F-2FD9-4AE1-8C74-DDCFFA15A880}.Release|Any CPU.Build.0 = Release|Any CPU
	EndGlobalSection
	GlobalSection(SolutionProperties) = preSolution
		HideSolutionNode = FALSE
	EndGlobalSection
EndGlobal
